
Microsoft Visual Studio Solution File, Format Version 12.00
# Visual Studio Version 16
VisualStudioVersion = 16.0.31515.178
MinimumVisualStudioVersion = 10.0.40219.1
Project("{9A19103F-16F7-4668-BE54-9A1E7A4F7556}") = "UserAvatars", "UserAvatars\UserAvatars.csproj", "{667E95E1-8DC3-463F-80E7-6270837E34FF}"
EndProject
Project("{9A19103F-16F7-4668-BE54-9A1E7A4F7556}") = "MostBrutalNoReply", "MostBrutalNoReply\MostBrutalNoReply.csproj", "{8B2F32D1-9920-4C0D-813D-24B881D25F7E}"
EndProject
Project("{9A19103F-16F7-4668-BE54-9A1E7A4F7556}") = "UserNames", "UserNames\UserNames.csproj", "{B2627226-0896-4A68-A694-752B4017124B}"
EndProject
Project("{FAE04EC0-301F-11D3-BF4B-00C04F79EFBC}") = "Globals", "Globals\Globals.csproj", "{114CE489-6921-46D2-9BC7-9A61D168C509}"
EndProject
Global
	GlobalSection(SolutionConfigurationPlatforms) = preSolution
		Debug|Any CPU = Debug|Any CPU
		Release|Any CPU = Release|Any CPU
	EndGlobalSection
	GlobalSection(ProjectConfigurationPlatforms) = postSolution
		{667E95E1-8DC3-463F-80E7-6270837E34FF}.Debug|Any CPU.ActiveCfg = Debug|Any CPU
		{667E95E1-8DC3-463F-80E7-6270837E34FF}.Debug|Any CPU.Build.0 = Debug|Any CPU
		{667E95E1-8DC3-463F-80E7-6270837E34FF}.Release|Any CPU.ActiveCfg = Release|Any CPU
		{667E95E1-8DC3-463F-80E7-6270837E34FF}.Release|Any CPU.Build.0 = Release|Any CPU
		{8B2F32D1-9920-4C0D-813D-24B881D25F7E}.Debug|Any CPU.ActiveCfg = Debug|Any CPU
		{8B2F32D1-9920-4C0D-813D-24B881D25F7E}.Debug|Any CPU.Build.0 = Debug|Any CPU
		{8B2F32D1-9920-4C0D-813D-24B881D25F7E}.Release|Any CPU.ActiveCfg = Release|Any CPU
		{8B2F32D1-9920-4C0D-813D-24B881D25F7E}.Release|Any CPU.Build.0 = Release|Any CPU
		{B2627226-0896-4A68-A694-752B4017124B}.Debug|Any CPU.ActiveCfg = Debug|Any CPU
		{B2627226-0896-4A68-A694-752B4017124B}.Debug|Any CPU.Build.0 = Debug|Any CPU
		{B2627226-0896-4A68-A694-752B4017124B}.Release|Any CPU.ActiveCfg = Release|Any CPU
		{B2627226-0896-4A68-A694-752B4017124B}.Release|Any CPU.Build.0 = Release|Any CPU
		{114CE489-6921-46D2-9BC7-9A61D168C509}.Debug|Any CPU.ActiveCfg = Debug|Any CPU
		{114CE489-6921-46D2-9BC7-9A61D168C509}.Debug|Any CPU.Build.0 = Debug|Any CPU
		{114CE489-6921-46D2-9BC7-9A61D168C509}.Release|Any CPU.ActiveCfg = Release|Any CPU
		{114CE489-6921-46D2-9BC7-9A61D168C509}.Release|Any CPU.Build.0 = Release|Any CPU
	EndGlobalSection
	GlobalSection(SolutionProperties) = preSolution
		HideSolutionNode = FALSE
	EndGlobalSection
	GlobalSection(ExtensibilityGlobals) = postSolution
		SolutionGuid = {8DAD3F63-63B7-4C20-8436-81754CCCFDA2}
	EndGlobalSection
EndGlobal
